{
  "nodes": {
    "brew-src": {
      "flake": false,
      "locked": {
        "lastModified": 1778427648,
        "narHash": "sha256-pt9KaDGsMyYWB9JeHs4XGHs870f1lOZe3vx9LpVIhUE=",
        "owner": "Homebrew",
        "repo": "brew",
        "rev": "6f293daa9f9f5832e13b497976335e90509886d7",
        "type": "github"
      },
      "original": {
        "owner": "Homebrew",
        "ref": "5.1.11",
        "repo": "brew",
        "type": "github"
      }
    },
    "flake-compat": {
      "flake": false,
      "locked": {
        "lastModified": 1767039857,
        "narHash": "sha256-vNpUSpF5Nuw8xvDLj2KCwwksIbjua2LZCqhV1LNRDns=",
        "owner": "NixOS",
        "repo": "flake-compat",
        "rev": "5edf11c44bc78a0d334f6334cdaf7d60d732daab",
        "type": "github"
      },
      "original": {
        "owner": "NixOS",
        "repo": "flake-compat",
        "type": "github"
      }
    },
    "flake-parts": {
      "inputs": {
        "nixpkgs-lib": [
          "nur",
          "nixpkgs"
        ]
      },
      "locked": {
        "lastModified": 1733312601,
        "narHash": "sha256-4pDvzqnegAfRkPwO3wmwBhVi/Sye1mzps0zHWYnP88c=",
        "owner": "hercules-ci",
        "repo": "flake-parts",
        "rev": "205b12d8b7cd4802fbcb8e8ef6a0f1408781a4f9",
        "type": "github"
      },
      "original": {
        "owner": "hercules-ci",
        "repo": "flake-parts",
        "type": "github"
      }
    },
    "git-hooks-nix": {
      "inputs": {
        "flake-compat": "flake-compat",
        "gitignore": "gitignore",
        "nixpkgs": [
          "nixpkgs"
        ]
      },
      "locked": {
        "lastModified": 1778507602,
        "narHash": "sha256-kTwur1wV+01SdqskVMSo6JMEpg71ps3HpbFY2GsflKs=",
        "owner": "cachix",
        "repo": "git-hooks.nix",
        "rev": "61ab0e80d9c7ab14c256b5b453d8b3fb0189ba0a",
        "type": "github"
      },
      "original": {
        "owner": "cachix",
        "repo": "git-hooks.nix",
        "type": "github"
      }
    },
    "gitignore": {
      "inputs": {
        "nixpkgs": [
          "git-hooks-nix",
          "nixpkgs"
        ]
      },
      "locked": {
        "lastModified": 1709087332,
        "narHash": "sha256-HG2cCnktfHsKV0s4XW83gU3F57gaTljL9KNSuG6bnQs=",
        "owner": "hercules-ci",
        "repo": "gitignore.nix",
        "rev": "637db329424fd7e46cf4185293b9cc8c88c95394",
        "type": "github"
      },
      "original": {
        "owner": "hercules-ci",
        "repo": "gitignore.nix",
        "type": "github"
      }
    },
    "hashicorp-tap": {
      "flake": false,
      "locked": {
        "lastModified": 1779772186,
        "narHash": "sha256-lSaduyZIynXLGUrxtIWFhGSvxyFEKLlRODXJf0a7jaY=",
        "owner": "hashicorp",
        "repo": "homebrew-tap",
        "rev": "da593890f5c97b0c3162e377c68cbaeffc3ac511",
        "type": "github"
      },
      "original": {
        "owner": "hashicorp",
        "repo": "homebrew-tap",
        "type": "github"
      }
    },
    "home-manager": {
      "inputs": {
        "nixpkgs": [
          "nixpkgs"
        ]
      },
      "locked": {
        "lastModified": 1779726825,
        "narHash": "sha256-RUkMrREjKDQrA+dA9+xZviGAxM5W1aVdyOr/bSYpHrE=",
        "owner": "nix-community",
        "repo": "home-manager",
        "rev": "b179bde238977f7d4454fc770b1a727eaf55111c",
        "type": "github"
      },
      "original": {
        "owner": "nix-community",
        "ref": "release-26.05",
        "repo": "home-manager",
        "type": "github"
      }
    },
    "homebrew-brew": {
      "flake": false,
      "locked": {
        "lastModified": 1779875013,
        "narHash": "sha256-jRSUhHKUE5LNEA/hyS39ll0FNIzhgtccg8FwhlbCG68=",
        "owner": "Homebrew",
        "repo": "brew",
        "rev": "5e9b9e21af5b51e95931ba6dc3a9e1c848bc3251",
        "type": "github"
      },
      "original": {
        "owner": "Homebrew",
        "repo": "brew",
        "type": "github"
      }
    },
    "homebrew-cask": {
      "flake": false,
      "locked": {
        "lastModified": 1779876819,
        "narHash": "sha256-aBdUMAKygXp/simoAMSb/qf4Vyg4ThZX7FTG/o3eE2E=",
        "owner": "homebrew",
        "repo": "homebrew-cask",
        "rev": "6289552ba4cedcb7bf222c83cd1e4fddf913f9b8",
        "type": "github"
      },
      "original": {
        "owner": "homebrew",
        "repo": "homebrew-cask",
        "type": "github"
      }
    },
    "homebrew-core": {
      "flake": false,
      "locked": {
        "lastModified": 1779876821,
        "narHash": "sha256-EJ1cAjeSDcgn3IY3/xyAJhOWQ2LJhK/Le4eJyAzzZzU=",
        "owner": "homebrew",
        "repo": "homebrew-core",
        "rev": "514d5cba5b86895177e9ad74e0ccc20aa1d776ed",
        "type": "github"
      },
      "original": {
        "owner": "homebrew",
        "repo": "homebrew-core",
        "type": "github"
      }
    },
    "jundot-omlx": {
      "flake": false,
      "locked": {
        "lastModified": 1779873626,
        "narHash": "sha256-DA1NPS74r/TWeDCemelrHDQqqVhuXZRvxaDZg5EY8kM=",
        "owner": "jundot",
        "repo": "omlx",
        "rev": "804544fe5f0690d2c3886c1f221959bb0a32f850",
        "type": "github"
      },
      "original": {
        "owner": "jundot",
        "repo": "omlx",
        "type": "github"
      }
    },
    "modem-homebrew-tap": {
      "flake": false,
      "locked": {
        "lastModified": 1779816315,
        "narHash": "sha256-awfu5viP+BMJoC+KzXJGiB8TkaB565aYJV/o+KBegiw=",
        "owner": "modem-dev",
        "repo": "homebrew-tap",
        "rev": "aefe0ae7e2a28db762a0e5710e61a1790ceafe74",
        "type": "github"
      },
      "original": {
        "owner": "modem-dev",
        "repo": "homebrew-tap",
        "type": "github"
      }
    },
    "nix-darwin": {
      "inputs": {
        "nixpkgs": [
          "nixpkgs"
        ]
      },
      "locked": {
        "lastModified": 1779036909,
        "narHash": "sha256-zXcwYQGCT6pzinK+1dBB2ekTVtfxGZAapb3Evdcu4fY=",
        "owner": "LnL7",
        "repo": "nix-darwin",
        "rev": "56c666e108467d87d13508936aade6d567f2a501",
        "type": "github"
      },
      "original": {
        "owner": "LnL7",
        "repo": "nix-darwin",
        "type": "github"
      }
    },
    "nix-homebrew": {
      "inputs": {
        "brew-src": "brew-src"
      },
      "locked": {
        "lastModified": 1778851564,
        "narHash": "sha256-p8wzcnpB2Iys+QzAKM9/Eyw/pUyqCO3sw/NCnDH4dTE=",
        "owner": "zhaofengli",
        "repo": "nix-homebrew",
        "rev": "b3a87b4793205cc111f3c61e25e018ffac3b8039",
        "type": "github"
      },
      "original": {
        "owner": "zhaofengli",
        "repo": "nix-homebrew",
        "type": "github"
      }
    },
    "nixpkgs": {
      "locked": {
        "lastModified": 1779622335,
        "narHash": "sha256-ViA62qtL5za7V3d5I8OA9q9JcFhsVAiL5jVHwEclWqk=",
        "owner": "NixOS",
        "repo": "nixpkgs",
        "rev": "705e9929918b43bd7b715dc0a878ac870449bb03",
        "type": "github"
      },
      "original": {
        "owner": "NixOS",
        "ref": "nixpkgs-26.05-darwin",
        "repo": "nixpkgs",
        "type": "github"
      }
    },
    "nixpkgs_2": {
      "locked": {
        "lastModified": 1779560665,
        "narHash": "sha256-tpyBcxPpcQb8ukyNF7DoCwfSY3VPsxHoYwj00Cayv5o=",
        "owner": "nixos",
        "repo": "nixpkgs",
        "rev": "64c08a7ca051951c8eae34e3e3cb1e202fe36786",
        "type": "github"
      },
      "original": {
        "owner": "nixos",
        "ref": "nixos-unstable",
        "repo": "nixpkgs",
        "type": "github"
      }
    },
    "nur": {
      "inputs": {
        "flake-parts": "flake-parts",
        "nixpkgs": "nixpkgs_2"
      },
      "locked": {
        "lastModified": 1779871647,
        "narHash": "sha256-F4RZKl07z3M1ifsU0Nsge+tlcvPELKvCfKJw8YRcMFg=",
        "owner": "nix-community",
        "repo": "NUR",
        "rev": "f338e307a542f4cbbaa1a66c0fc54a5b0e9269d4",
        "type": "github"
      },
      "original": {
        "owner": "nix-community",
        "repo": "NUR",
        "type": "github"
      }
    },
    "root": {
      "inputs": {
        "git-hooks-nix": "git-hooks-nix",
        "hashicorp-tap": "hashicorp-tap",
        "home-manager": "home-manager",
        "homebrew-brew": "homebrew-brew",
        "homebrew-cask": "homebrew-cask",
        "homebrew-core": "homebrew-core",
        "jundot-omlx": "jundot-omlx",
        "modem-homebrew-tap": "modem-homebrew-tap",
        "nix-darwin": "nix-darwin",
        "nix-homebrew": "nix-homebrew",
        "nixpkgs": "nixpkgs",
        "nur": "nur",
        "xykong-tap": "xykong-tap"
      }
    },
    "xykong-tap": {
      "flake": false,
      "locked": {
        "lastModified": 1778638751,
        "narHash": "sha256-EGdLnzf3wD/w1Cr7QcEX3nlddcx0qATMECi6KXwYTvk=",
        "owner": "xykong",
        "repo": "homebrew-tap",
        "rev": "ab94af12dc097fbb971f8e7e56806e354065a002",
        "type": "github"
      },
      "original": {
        "owner": "xykong",
        "repo": "homebrew-tap",
        "type": "github"
      }
    }
  },
  "root": "root",
  "version": 7
}
