{
  "nodes": {
    "brew-src": {
      "flake": false,
      "locked": {
        "lastModified": 1711985568,
        "narHash": "sha256-VLeP9HGQwfkiuHDp648PXGCkogr3ktYm0q9Yj+i0lGQ=",
        "owner": "Homebrew",
        "repo": "brew",
        "rev": "bd1155be8f50998429a795c15a69c8fe75250510",
        "type": "github"
      },
      "original": {
        "owner": "Homebrew",
        "ref": "4.2.16",
        "repo": "brew",
        "type": "github"
      }
    },
    "catppuccin": {
      "flake": false,
      "locked": {
        "lastModified": 1708806920,
        "narHash": "sha256-eaHcAaUFzvMsaRNkjKv+LKOFwDnSMt2sh2D7Lu6XpYo=",
        "owner": "catppuccin",
        "repo": "nvim",
        "rev": "c0de3b46811fe1ce3912e2245a9dfbea6b41c300",
        "type": "github"
      },
      "original": {
        "owner": "catppuccin",
        "repo": "nvim",
        "type": "github"
      }
    },
    "clipboard-image": {
      "flake": false,
      "locked": {
        "lastModified": 1709144333,
        "narHash": "sha256-2fAbiFDr1h8w0Qf4bEWawUXmW7TlP/6UgoH7kCEmBKw=",
        "owner": "postfen",
        "repo": "clipboard-image.nvim",
        "rev": "216cde92787e40c160bfa22ab78fc4c510b8c875",
        "type": "github"
      },
      "original": {
        "owner": "postfen",
        "repo": "clipboard-image.nvim",
        "type": "github"
      }
    },
    "conform-nvim": {
      "flake": false,
      "locked": {
        "lastModified": 1709395987,
        "narHash": "sha256-95ha+ObpxiJGm7sx3/esmZrlSccwWulyWDKW4c19ld0=",
        "owner": "stevearc",
        "repo": "conform.nvim",
        "rev": "34b81e70da83e26c048290204de44268eb59814e",
        "type": "github"
      },
      "original": {
        "owner": "stevearc",
        "repo": "conform.nvim",
        "type": "github"
      }
    },
    "disko": {
      "inputs": {
        "nixpkgs": [
          "nixpkgs"
        ]
      },
      "locked": {
        "lastModified": 1714405407,
        "narHash": "sha256-h3pOvHCXkSdp1KOZqtkQmHgkR7VaOJXDhqhumk7sZLY=",
        "owner": "nix-community",
        "repo": "disko",
        "rev": "5eaf747af38dd272e1ab28a8ec4bd972424b07cf",
        "type": "github"
      },
      "original": {
        "owner": "nix-community",
        "repo": "disko",
        "type": "github"
      }
    },
    "fenix": {
      "inputs": {
        "nixpkgs": [
          "pwnvim",
          "nixpkgs"
        ],
        "rust-analyzer-src": "rust-analyzer-src"
      },
      "locked": {
        "lastModified": 1709446916,
        "narHash": "sha256-MX3eR3ao971besQvKt9aKu4tN8tZht7Do3G/eNylNY8=",
        "owner": "nix-community",
        "repo": "fenix",
        "rev": "4b07da0f91ea99f263f47165a11a48678c9e0dc3",
        "type": "github"
      },
      "original": {
        "owner": "nix-community",
        "repo": "fenix",
        "type": "github"
      }
    },
    "flake-compat": {
      "flake": false,
      "locked": {
        "lastModified": 1687265871,
        "narHash": "sha256-P8AOiQk/XN8/ia4289hDHlTfWB70cRQ5pc9GRfmEdpc=",
        "owner": "inclyc",
        "repo": "flake-compat",
        "rev": "70e56389c58bbd300d11778913b255477ebbae22",
        "type": "github"
      },
      "original": {
        "owner": "inclyc",
        "repo": "flake-compat",
        "type": "github"
      }
    },
    "flake-utils": {
      "inputs": {
        "systems": "systems"
      },
      "locked": {
        "lastModified": 1687709756,
        "narHash": "sha256-Y5wKlQSkgEK2weWdOu4J3riRd+kV/VCgHsqLNTTWQ/0=",
        "owner": "numtide",
        "repo": "flake-utils",
        "rev": "dbabf0ca0c0c4bce6ea5eaf65af5cb694d2082c7",
        "type": "github"
      },
      "original": {
        "owner": "numtide",
        "repo": "flake-utils",
        "type": "github"
      }
    },
    "flake-utils_2": {
      "inputs": {
        "systems": "systems_2"
      },
      "locked": {
        "lastModified": 1709126324,
        "narHash": "sha256-q6EQdSeUZOG26WelxqkmR7kArjgWCdw5sfJVHPH/7j8=",
        "owner": "numtide",
        "repo": "flake-utils",
        "rev": "d465f4819400de7c8d874d50b982301f28a84605",
        "type": "github"
      },
      "original": {
        "owner": "numtide",
        "repo": "flake-utils",
        "type": "github"
      }
    },
    "home-manager": {
      "inputs": {
        "nixpkgs": [
          "nixpkgs"
        ]
      },
      "locked": {
        "lastModified": 1714515075,
        "narHash": "sha256-azMK7aWH0eUc3IqU4Fg5rwZdB9WZBvimOGG3piqvtsY=",
        "owner": "nix-community",
        "repo": "home-manager",
        "rev": "6d3b6dc9222c12b951169becdf4b0592ee9576ef",
        "type": "github"
      },
      "original": {
        "owner": "nix-community",
        "ref": "master",
        "repo": "home-manager",
        "type": "github"
      }
    },
    "homebrew-bundle": {
      "flake": false,
      "locked": {
        "lastModified": 1714351590,
        "narHash": "sha256-WCB6CXzwoinm79I/HYtp6jSu0J6BkTsIFNwp0eyGv74=",
        "owner": "homebrew",
        "repo": "homebrew-bundle",
        "rev": "2b1de01c2ab30e4e1996ac2cd1522ee1d5493393",
        "type": "github"
      },
      "original": {
        "owner": "homebrew",
        "repo": "homebrew-bundle",
        "type": "github"
      }
    },
    "homebrew-cask": {
      "flake": false,
      "locked": {
        "lastModified": 1714525676,
        "narHash": "sha256-GJImRoGK3xhzzOjzz4V0lKn8oE52NiNBcupF6gVaf9w=",
        "owner": "homebrew",
        "repo": "homebrew-cask",
        "rev": "a1389d53ef97ace53f6b48f9006cfdce75f78c1a",
        "type": "github"
      },
      "original": {
        "owner": "homebrew",
        "repo": "homebrew-cask",
        "type": "github"
      }
    },
    "homebrew-core": {
      "flake": false,
      "locked": {
        "lastModified": 1714525882,
        "narHash": "sha256-ZTi1Isa0L0+QDdjDpYpwglHIkEN9kqcT538Gs5+LxmY=",
        "owner": "homebrew",
        "repo": "homebrew-core",
        "rev": "101a8b439cd45d119e8f184bcee8a1fe89b09fef",
        "type": "github"
      },
      "original": {
        "owner": "homebrew",
        "repo": "homebrew-core",
        "type": "github"
      }
    },
    "nix-darwin": {
      "inputs": {
        "nixpkgs": [
          "nixpkgs"
        ]
      },
      "locked": {
        "lastModified": 1713946171,
        "narHash": "sha256-lc75rgRQLdp4Dzogv5cfqOg6qYc5Rp83oedF2t0kDp8=",
        "owner": "LnL7",
        "repo": "nix-darwin",
        "rev": "230a197063de9287128e2c68a7a4b0cd7d0b50a7",
        "type": "github"
      },
      "original": {
        "owner": "LnL7",
        "repo": "nix-darwin",
        "type": "github"
      }
    },
    "nix-darwin_2": {
      "inputs": {
        "nixpkgs": "nixpkgs"
      },
      "locked": {
        "lastModified": 1688307440,
        "narHash": "sha256-7PTjbN+/+b799YN7Tk2SS5Vh8A0L3gBo8hmB7Y0VXug=",
        "owner": "LnL7",
        "repo": "nix-darwin",
        "rev": "b06bab83bdf285ea0ae3c8e145a081eb95959047",
        "type": "github"
      },
      "original": {
        "owner": "LnL7",
        "repo": "nix-darwin",
        "type": "github"
      }
    },
    "nix-homebrew": {
      "inputs": {
        "brew-src": "brew-src",
        "flake-utils": "flake-utils",
        "nix-darwin": "nix-darwin_2",
        "nixpkgs": "nixpkgs_2"
      },
      "locked": {
        "lastModified": 1712182779,
        "narHash": "sha256-DchWIKi4c7Jl7CJXVzOxVetxy+SqnlAY3QuUNy8z+aE=",
        "owner": "zhaofengli-wip",
        "repo": "nix-homebrew",
        "rev": "445f7989e096fb90902eed4256b04d8b57c8b358",
        "type": "github"
      },
      "original": {
        "owner": "zhaofengli-wip",
        "repo": "nix-homebrew",
        "type": "github"
      }
    },
    "nixpkgs": {
      "locked": {
        "lastModified": 1687274257,
        "narHash": "sha256-TutzPriQcZ8FghDhEolnHcYU2oHIG5XWF+/SUBNnAOE=",
        "path": "/nix/store/22qgs3skscd9bmrxv9xv4q5d4wwm5ppx-source",
        "rev": "2c9ecd1f0400076a4d6b2193ad468ff0a7e7fdc5",
        "type": "path"
      },
      "original": {
        "id": "nixpkgs",
        "type": "indirect"
      }
    },
    "nixpkgs_2": {
      "locked": {
        "lastModified": 1688049487,
        "narHash": "sha256-100g4iaKC9MalDjUW9iN6Jl/OocTDtXdeAj7pEGIRh4=",
        "owner": "NixOS",
        "repo": "nixpkgs",
        "rev": "4bc72cae107788bf3f24f30db2e2f685c9298dc9",
        "type": "github"
      },
      "original": {
        "owner": "NixOS",
        "ref": "nixos-unstable",
        "repo": "nixpkgs",
        "type": "github"
      }
    },
    "nixpkgs_3": {
      "locked": {
        "lastModified": 1714314149,
        "narHash": "sha256-yNAevSKF4krRWacmLUsLK7D7PlfuY3zF0lYnGYNi9vQ=",
        "owner": "NixOS",
        "repo": "nixpkgs",
        "rev": "cf8cc1201be8bc71b7cbbbdaf349b22f4f99c7ae",
        "type": "github"
      },
      "original": {
        "owner": "NixOS",
        "ref": "nixpkgs-unstable",
        "repo": "nixpkgs",
        "type": "github"
      }
    },
    "nixpkgs_4": {
      "locked": {
        "lastModified": 1709386671,
        "narHash": "sha256-VPqfBnIJ+cfa78pd4Y5Cr6sOWVW8GYHRVucxJGmRf8Q=",
        "owner": "nixos",
        "repo": "nixpkgs",
        "rev": "fa9a51752f1b5de583ad5213eb621be071806663",
        "type": "github"
      },
      "original": {
        "owner": "nixos",
        "ref": "nixpkgs-unstable",
        "repo": "nixpkgs",
        "type": "github"
      }
    },
    "onedarkpro": {
      "flake": false,
      "locked": {
        "lastModified": 1709197932,
        "narHash": "sha256-Ho1lNewE8MFy7WPu2xVDLWNJRS7D4OgMQCqmlXzTMco=",
        "owner": "olimorris",
        "repo": "onedarkpro.nvim",
        "rev": "0059f3f9b21daf3540f1108c2bab3fa9e9082331",
        "type": "github"
      },
      "original": {
        "owner": "olimorris",
        "repo": "onedarkpro.nvim",
        "type": "github"
      }
    },
    "pwnvim": {
      "inputs": {
        "catppuccin": "catppuccin",
        "clipboard-image": "clipboard-image",
        "conform-nvim": "conform-nvim",
        "fenix": "fenix",
        "flake-compat": "flake-compat",
        "flake-utils": "flake-utils_2",
        "nixpkgs": "nixpkgs_4",
        "onedarkpro": "onedarkpro",
        "vscode-langservers-custom": "vscode-langservers-custom"
      },
      "locked": {
        "lastModified": 1710640384,
        "narHash": "sha256-OAledKC7fKA/OhVaGEqbgyi2W8FR/wR8JtcImv3joo0=",
        "owner": "mikesplain",
        "repo": "pwnvim",
        "rev": "5ff024c83c3da290cfefb8c17bb41d3abbe28bcb",
        "type": "github"
      },
      "original": {
        "owner": "mikesplain",
        "repo": "pwnvim",
        "type": "github"
      }
    },
    "root": {
      "inputs": {
        "disko": "disko",
        "home-manager": "home-manager",
        "homebrew-bundle": "homebrew-bundle",
        "homebrew-cask": "homebrew-cask",
        "homebrew-core": "homebrew-core",
        "nix-darwin": "nix-darwin",
        "nix-homebrew": "nix-homebrew",
        "nixpkgs": "nixpkgs_3",
        "pwnvim": "pwnvim"
      }
    },
    "rust-analyzer-src": {
      "flake": false,
      "locked": {
        "lastModified": 1709373076,
        "narHash": "sha256-vRBRyCVMhH+giewRQgOgNO+p7VlGeJNgCqrZBnvfWQc=",
        "owner": "rust-lang",
        "repo": "rust-analyzer",
        "rev": "4ef6a49b44e8aa380da7522442234bfd7a52c55e",
        "type": "github"
      },
      "original": {
        "owner": "rust-lang",
        "ref": "nightly",
        "repo": "rust-analyzer",
        "type": "github"
      }
    },
    "systems": {
      "locked": {
        "lastModified": 1681028828,
        "narHash": "sha256-Vy1rq5AaRuLzOxct8nz4T6wlgyUR7zLU309k9mBC768=",
        "owner": "nix-systems",
        "repo": "default",
        "rev": "da67096a3b9bf56a91d16901293e51ba5b49a27e",
        "type": "github"
      },
      "original": {
        "owner": "nix-systems",
        "repo": "default",
        "type": "github"
      }
    },
    "systems_2": {
      "locked": {
        "lastModified": 1681028828,
        "narHash": "sha256-Vy1rq5AaRuLzOxct8nz4T6wlgyUR7zLU309k9mBC768=",
        "owner": "nix-systems",
        "repo": "default",
        "rev": "da67096a3b9bf56a91d16901293e51ba5b49a27e",
        "type": "github"
      },
      "original": {
        "owner": "nix-systems",
        "repo": "default",
        "type": "github"
      }
    },
    "vscode-langservers-custom": {
      "flake": false,
      "locked": {
        "lastModified": 1697905592,
        "narHash": "sha256-sGnxmEQ0J74zNbhRpsgF/cYoXwn4jh9yBVjk6UiUdK0=",
        "owner": "hrsh7th",
        "repo": "vscode-langservers-extracted",
        "rev": "fc325a94765910bd8ee684bf57f33cfdd0173346",
        "type": "github"
      },
      "original": {
        "owner": "hrsh7th",
        "ref": "v4.8.0",
        "repo": "vscode-langservers-extracted",
        "type": "github"
      }
    }
  },
  "root": "root",
  "version": 7
}
